// !$*UTF8*$!
{
	archiveVersion = 1;
	classes = {
	};
	objectVersion = 46;
	objects = {

/* Begin PBXBuildFile section */
		3B6EDDD611547BF800E454DA /* TKGlobal.m in Sources */ = {isa = PBXBuildFile; fileRef = 3BAC9A1E10953E5200F235F1 /* TKGlobal.m */; };
		3B6EDDDA11547C1100E454DA /* UIView+TKCategory.m in Sources */ = {isa = PBXBuildFile; fileRef = 3BAC9A2210953E5200F235F1 /* UIView+TKCategory.m */; };
		3B6EDDDB11547C1100E454DA /* UIView+TKCategory.h in Headers */ = {isa = PBXBuildFile; fileRef = 3BAC9A2110953E5200F235F1 /* UIView+TKCategory.h */; };
		3B6EDDDC11547C1300E454DA /* UIImage+TKCategory.h in Headers */ = {isa = PBXBuildFile; fileRef = 3BAC9A1F10953E5200F235F1 /* UIImage+TKCategory.h */; };
		3B6EDDDD11547C1300E454DA /* UIImage+TKCategory.m in Sources */ = {isa = PBXBuildFile; fileRef = 3BAC9A2010953E5200F235F1 /* UIImage+TKCategory.m */; };
		3B6EDDE011547C1600E454DA /* TKGlobal.h in Headers */ = {isa = PBXBuildFile; fileRef = 3BAC9A1D10953E5200F235F1 /* TKGlobal.h */; };
		3B6EDDE411547C1D00E454DA /* NSDate+TKCategory.m in Sources */ = {isa = PBXBuildFile; fileRef = 3BAC9A2410953E5200F235F1 /* NSDate+TKCategory.m */; };
		3B6EDDE511547C1E00E454DA /* NSDate+TKCategory.h in Headers */ = {isa = PBXBuildFile; fileRef = 3BAC9A2310953E5200F235F1 /* NSDate+TKCategory.h */; };
		3B859EAD134C73D600661088 /* UIKit.framework in Frameworks */ = {isa = PBXBuildFile; fileRef = 3BAC995710953DF400F235F1 /* UIKit.framework */; };
		3B859EAE134C73DE00661088 /* Foundation.framework in Frameworks */ = {isa = PBXBuildFile; fileRef = AACBBE490F95108600F1A2B1 /* Foundation.framework */; };
		3B859EAF134C73E500661088 /* MapKit.framework in Frameworks */ = {isa = PBXBuildFile; fileRef = 3BAC995910953DF400F235F1 /* MapKit.framework */; };
		3B859EB0134C73EF00661088 /* QuartzCore.framework in Frameworks */ = {isa = PBXBuildFile; fileRef = 3BAC995810953DF400F235F1 /* QuartzCore.framework */; };
		3B859EC6134C74D800661088 /* SenTestingKit.framework in Frameworks */ = {isa = PBXBuildFile; fileRef = 3B859EC5134C74D800661088 /* SenTestingKit.framework */; };
		3B859F03134C76C700661088 /* NSDate+TKCategory.m in Sources */ = {isa = PBXBuildFile; fileRef = 3BAC9A2410953E5200F235F1 /* NSDate+TKCategory.m */; };
		3B89162B134D93D000BD2B31 /* FoundationTests.m in Sources */ = {isa = PBXBuildFile; fileRef = 3B89162A134D93D000BD2B31 /* FoundationTests.m */; };
		3B9724BD11C54C5C0027A97F /* TKCalendarMonthView.h in Headers */ = {isa = PBXBuildFile; fileRef = 3B9724B911C54C5C0027A97F /* TKCalendarMonthView.h */; };
		3B9724BE11C54C5C0027A97F /* TKCalendarMonthView.m in Sources */ = {isa = PBXBuildFile; fileRef = 3B9724BA11C54C5C0027A97F /* TKCalendarMonthView.m */; };
		3BAC995A10953DF400F235F1 /* SystemConfiguration.framework in Frameworks */ = {isa = PBXBuildFile; fileRef = 3BAC995510953DF400F235F1 /* SystemConfiguration.framework */; };
		3BAC995B10953DF400F235F1 /* CoreGraphics.framework in Frameworks */ = {isa = PBXBuildFile; fileRef = 3BAC995610953DF400F235F1 /* CoreGraphics.framework */; };
		3BAC995C10953DF400F235F1 /* UIKit.framework in Frameworks */ = {isa = PBXBuildFile; fileRef = 3BAC995710953DF400F235F1 /* UIKit.framework */; };
		3BAC995D10953DF400F235F1 /* QuartzCore.framework in Frameworks */ = {isa = PBXBuildFile; fileRef = 3BAC995810953DF400F235F1 /* QuartzCore.framework */; };
		3BE54E61134548A100B59702 /* MapKit.framework in Frameworks */ = {isa = PBXBuildFile; fileRef = 3BAC995910953DF400F235F1 /* MapKit.framework */; };
		AACBBE4A0F95108600F1A2B1 /* Foundation.framework in Frameworks */ = {isa = PBXBuildFile; fileRef = AACBBE490F95108600F1A2B1 /* Foundation.framework */; };
/* End PBXBuildFile section */

/* Begin PBXFileReference section */
		3B45DDF1134C736600D24C1A /* LogicTests.octest */ = {isa = PBXFileReference; explicitFileType = wrapper.cfbundle; includeInIndex = 0; path = LogicTests.octest; sourceTree = BUILT_PRODUCTS_DIR; };
		3B45DDF2134C736600D24C1A /* LogicTests-Info.plist */ = {isa = PBXFileReference; lastKnownFileType = text.plist.xml; path = "LogicTests-Info.plist"; sourceTree = "<group>"; };
		3B859EC5134C74D800661088 /* SenTestingKit.framework */ = {isa = PBXFileReference; lastKnownFileType = wrapper.framework; name = SenTestingKit.framework; path = Library/Frameworks/SenTestingKit.framework; sourceTree = DEVELOPER_DIR; };
		3B891629134D93D000BD2B31 /* FoundationTests.h */ = {isa = PBXFileReference; fileEncoding = 4; lastKnownFileType = sourcecode.c.h; name = FoundationTests.h; path = Tests/FoundationTests.h; sourceTree = "<group>"; };
		3B89162A134D93D000BD2B31 /* FoundationTests.m */ = {isa = PBXFileReference; fileEncoding = 4; lastKnownFileType = sourcecode.c.objc; name = FoundationTests.m; path = Tests/FoundationTests.m; sourceTree = "<group>"; };
		3B9724B911C54C5C0027A97F /* TKCalendarMonthView.h */ = {isa = PBXFileReference; fileEncoding = 4; lastKnownFileType = sourcecode.c.h; path = TKCalendarMonthView.h; sourceTree = "<group>"; };
		3B9724BA11C54C5C0027A97F /* TKCalendarMonthView.m */ = {isa = PBXFileReference; fileEncoding = 4; lastKnownFileType = sourcecode.c.objc; path = TKCalendarMonthView.m; sourceTree = "<group>"; };
		3BAC995510953DF400F235F1 /* SystemConfiguration.framework */ = {isa = PBXFileReference; lastKnownFileType = wrapper.framework; name = SystemConfiguration.framework; path = System/Library/Frameworks/SystemConfiguration.framework; sourceTree = SDKROOT; };
		3BAC995610953DF400F235F1 /* CoreGraphics.framework */ = {isa = PBXFileReference; lastKnownFileType = wrapper.framework; name = CoreGraphics.framework; path = System/Library/Frameworks/CoreGraphics.framework; sourceTree = SDKROOT; };
		3BAC995710953DF400F235F1 /* UIKit.framework */ = {isa = PBXFileReference; lastKnownFileType = wrapper.framework; name = UIKit.framework; path = System/Library/Frameworks/UIKit.framework; sourceTree = SDKROOT; };
		3BAC995810953DF400F235F1 /* QuartzCore.framework */ = {isa = PBXFileReference; lastKnownFileType = wrapper.framework; name = QuartzCore.framework; path = System/Library/Frameworks/QuartzCore.framework; sourceTree = SDKROOT; };
		3BAC995910953DF400F235F1 /* MapKit.framework */ = {isa = PBXFileReference; lastKnownFileType = wrapper.framework; name = MapKit.framework; path = System/Library/Frameworks/MapKit.framework; sourceTree = SDKROOT; };
		3BAC9A1D10953E5200F235F1 /* TKGlobal.h */ = {isa = PBXFileReference; fileEncoding = 4; lastKnownFileType = sourcecode.c.h; path = TKGlobal.h; sourceTree = "<group>"; };
		3BAC9A1E10953E5200F235F1 /* TKGlobal.m */ = {isa = PBXFileReference; fileEncoding = 4; lastKnownFileType = sourcecode.c.objc; path = TKGlobal.m; sourceTree = "<group>"; };
		3BAC9A1F10953E5200F235F1 /* UIImage+TKCategory.h */ = {isa = PBXFileReference; fileEncoding = 4; lastKnownFileType = sourcecode.c.h; path = "UIImage+TKCategory.h"; sourceTree = "<group>"; };
		3BAC9A2010953E5200F235F1 /* UIImage+TKCategory.m */ = {isa = PBXFileReference; fileEncoding = 4; lastKnownFileType = sourcecode.c.objc; path = "UIImage+TKCategory.m"; sourceTree = "<group>"; };
		3BAC9A2110953E5200F235F1 /* UIView+TKCategory.h */ = {isa = PBXFileReference; fileEncoding = 4; lastKnownFileType = sourcecode.c.h; path = "UIView+TKCategory.h"; sourceTree = "<group>"; };
		3BAC9A2210953E5200F235F1 /* UIView+TKCategory.m */ = {isa = PBXFileReference; fileEncoding = 4; lastKnownFileType = sourcecode.c.objc; path = "UIView+TKCategory.m"; sourceTree = "<group>"; };
		3BAC9A2310953E5200F235F1 /* NSDate+TKCategory.h */ = {isa = PBXFileReference; fileEncoding = 4; lastKnownFileType = sourcecode.c.h; path = "NSDate+TKCategory.h"; sourceTree = "<group>"; };
		3BAC9A2410953E5200F235F1 /* NSDate+TKCategory.m */ = {isa = PBXFileReference; fileEncoding = 4; lastKnownFileType = sourcecode.c.objc; path = "NSDate+TKCategory.m"; sourceTree = "<group>"; };
		AA747D9E0F9514B9006C5449 /* TapkuLibrary_Prefix.pch */ = {isa = PBXFileReference; fileEncoding = 4; lastKnownFileType = sourcecode.c.h; lineEnding = 0; path = TapkuLibrary_Prefix.pch; sourceTree = SOURCE_ROOT; xcLanguageSpecificationIdentifier = xcode.lang.objc; };
		AACBBE490F95108600F1A2B1 /* Foundation.framework */ = {isa = PBXFileReference; lastKnownFileType = wrapper.framework; name = Foundation.framework; path = System/Library/Frameworks/Foundation.framework; sourceTree = SDKROOT; };
		D2AAC07E0554694100DB518D /* libTapkuLibrary.a */ = {isa = PBXFileReference; explicitFileType = archive.ar; includeInIndex = 0; path = libTapkuLibrary.a; sourceTree = BUILT_PRODUCTS_DIR; };
/* End PBXFileReference section */

/* Begin PBXFrameworksBuildPhase section */
		3B45DDEE134C736600D24C1A /* Frameworks */ = {
			isa = PBXFrameworksBuildPhase;
			buildActionMask = 2147483647;
			files = (
				3B859EAD134C73D600661088 /* UIKit.framework in Frameworks */,
				3B859EAE134C73DE00661088 /* Foundation.framework in Frameworks */,
				3B859EAF134C73E500661088 /* MapKit.framework in Frameworks */,
				3B859EB0134C73EF00661088 /* QuartzCore.framework in Frameworks */,
				3B859EC6134C74D800661088 /* SenTestingKit.framework in Frameworks */,
			);
			runOnlyForDeploymentPostprocessing = 0;
		};
		D2AAC07C0554694100DB518D /* Frameworks */ = {
			isa = PBXFrameworksBuildPhase;
			buildActionMask = 2147483647;
			files = (
				3BE54E61134548A100B59702 /* MapKit.framework in Frameworks */,
				AACBBE4A0F95108600F1A2B1 /* Foundation.framework in Frameworks */,
				3BAC995A10953DF400F235F1 /* SystemConfiguration.framework in Frameworks */,
				3BAC995B10953DF400F235F1 /* CoreGraphics.framework in Frameworks */,
				3BAC995C10953DF400F235F1 /* UIKit.framework in Frameworks */,
				3BAC995D10953DF400F235F1 /* QuartzCore.framework in Frameworks */,
			);
			runOnlyForDeploymentPostprocessing = 0;
		};
/* End PBXFrameworksBuildPhase section */

/* Begin PBXGroup section */
		034768DFFF38A50411DB9C8B /* Products */ = {
			isa = PBXGroup;
			children = (
				D2AAC07E0554694100DB518D /* libTapkuLibrary.a */,
				3B45DDF1134C736600D24C1A /* LogicTests.octest */,
			);
			name = Products;
			sourceTree = "<group>";
		};
		0867D691FE84028FC02AAC07 /* TapkuLibrary */ = {
			isa = PBXGroup;
			children = (
				3BAC98C910953DCC00F235F1 /* TapkuLibrary */,
				3B859EDF134C753E00661088 /* UnitTests */,
				32C88DFF0371C24200C91783 /* Other Sources */,
				0867D69AFE84028FC02AAC07 /* Frameworks */,
				034768DFFF38A50411DB9C8B /* Products */,
			);
			name = TapkuLibrary;
			sourceTree = "<group>";
		};
		0867D69AFE84028FC02AAC07 /* Frameworks */ = {
			isa = PBXGroup;
			children = (
				AACBBE490F95108600F1A2B1 /* Foundation.framework */,
				3BAC995710953DF400F235F1 /* UIKit.framework */,
				3BAC995510953DF400F235F1 /* SystemConfiguration.framework */,
				3BAC995610953DF400F235F1 /* CoreGraphics.framework */,
				3BAC995810953DF400F235F1 /* QuartzCore.framework */,
				3BAC995910953DF400F235F1 /* MapKit.framework */,
				3B859EC5134C74D800661088 /* SenTestingKit.framework */,
			);
			name = Frameworks;
			sourceTree = "<group>";
		};
		32C88DFF0371C24200C91783 /* Other Sources */ = {
			isa = PBXGroup;
			children = (
				AA747D9E0F9514B9006C5449 /* TapkuLibrary_Prefix.pch */,
			);
			name = "Other Sources";
			sourceTree = "<group>";
		};
		3B859EDF134C753E00661088 /* UnitTests */ = {
			isa = PBXGroup;
			children = (
				3B45DDF2134C736600D24C1A /* LogicTests-Info.plist */,
				3B891629134D93D000BD2B31 /* FoundationTests.h */,
				3B89162A134D93D000BD2B31 /* FoundationTests.m */,
			);
			name = UnitTests;
			sourceTree = "<group>";
		};
		3BAC98C910953DCC00F235F1 /* TapkuLibrary */ = {
			isa = PBXGroup;
			children = (
				3BBF8A4012970B10008AB2B1 /* Core */,
				3BBF8A4112970B3E008AB2B1 /* UI */,
			);
			path = TapkuLibrary;
			sourceTree = "<group>";
		};
		3BAC99F910953E2400F235F1 /* Calendar */ = {
			isa = PBXGroup;
			children = (
				3BF002FE109662E30062DA49 /* Month */,
			);
			name = Calendar;
			sourceTree = "<group>";
		};
		3BB3A1D1117814BC00553093 /* Additions */ = {
			isa = PBXGroup;
			children = (
				3BAC9A2310953E5200F235F1 /* NSDate+TKCategory.h */,
				3BAC9A2410953E5200F235F1 /* NSDate+TKCategory.m */,
				3BAC9A2110953E5200F235F1 /* UIView+TKCategory.h */,
				3BAC9A2210953E5200F235F1 /* UIView+TKCategory.m */,
				3BAC9A1F10953E5200F235F1 /* UIImage+TKCategory.h */,
				3BAC9A2010953E5200F235F1 /* UIImage+TKCategory.m */,
			);
			name = Additions;
			sourceTree = "<group>";
		};
		3BBF8A4012970B10008AB2B1 /* Core */ = {
			isa = PBXGroup;
			children = (
				3BAC9A1D10953E5200F235F1 /* TKGlobal.h */,
				3BAC9A1E10953E5200F235F1 /* TKGlobal.m */,
				3BB3A1D1117814BC00553093 /* Additions */,
			);
			name = Core;
			sourceTree = "<group>";
		};
		3BBF8A4112970B3E008AB2B1 /* UI */ = {
			isa = PBXGroup;
			children = (
				3BAC99F910953E2400F235F1 /* Calendar */,
			);
			name = UI;
			sourceTree = "<group>";
		};
		3BF002FE109662E30062DA49 /* Month */ = {
			isa = PBXGroup;
			children = (
				3B9724B911C54C5C0027A97F /* TKCalendarMonthView.h */,
				3B9724BA11C54C5C0027A97F /* TKCalendarMonthView.m */,
			);
			name = Month;
			sourceTree = "<group>";
		};
/* End PBXGroup section */

/* Begin PBXHeadersBuildPhase section */
		D2AAC07A0554694100DB518D /* Headers */ = {
			isa = PBXHeadersBuildPhase;
			buildActionMask = 2147483647;
			files = (
				3B6EDDDB11547C1100E454DA /* UIView+TKCategory.h in Headers */,
				3B6EDDDC11547C1300E454DA /* UIImage+TKCategory.h in Headers */,
				3B6EDDE011547C1600E454DA /* TKGlobal.h in Headers */,
				3B6EDDE511547C1E00E454DA /* NSDate+TKCategory.h in Headers */,
				3B9724BD11C54C5C0027A97F /* TKCalendarMonthView.h in Headers */,
			);
			runOnlyForDeploymentPostprocessing = 0;
		};
/* End PBXHeadersBuildPhase section */

/* Begin PBXNativeTarget section */
		3B45DDF0134C736600D24C1A /* LogicTests */ = {
			isa = PBXNativeTarget;
			buildConfigurationList = 3B45DDF5134C736600D24C1A /* Build configuration list for PBXNativeTarget "LogicTests" */;
			buildPhases = (
				3B45DDEC134C736600D24C1A /* Resources */,
				3B45DDED134C736600D24C1A /* Sources */,
				3B45DDEE134C736600D24C1A /* Frameworks */,
				3B45DDEF134C736600D24C1A /* ShellScript */,
			);
			buildRules = (
			);
			dependencies = (
			);
			name = LogicTests;
			productName = LogicTests;
			productReference = 3B45DDF1134C736600D24C1A /* LogicTests.octest */;
			productType = "com.apple.product-type.bundle";
		};
		D2AAC07D0554694100DB518D /* TapkuLibrary */ = {
			isa = PBXNativeTarget;
			buildConfigurationList = 1DEB921E08733DC00010E9CD /* Build configuration list for PBXNativeTarget "TapkuLibrary" */;
			buildPhases = (
				D2AAC07A0554694100DB518D /* Headers */,
				D2AAC07B0554694100DB518D /* Sources */,
				D2AAC07C0554694100DB518D /* Frameworks */,
			);
			buildRules = (
			);
			dependencies = (
			);
			name = TapkuLibrary;
			productName = TapkuLibrary;
			productReference = D2AAC07E0554694100DB518D /* libTapkuLibrary.a */;
			productType = "com.apple.product-type.library.static";
		};
/* End PBXNativeTarget section */

/* Begin PBXProject section */
		0867D690FE84028FC02AAC07 /* Project object */ = {
			isa = PBXProject;
			attributes = {
				LastUpgradeCheck = 0430;
			};
			buildConfigurationList = 1DEB922208733DC00010E9CD /* Build configuration list for PBXProject "TapkuLibrary" */;
			compatibilityVersion = "Xcode 3.2";
			developmentRegion = English;
			hasScannedForEncodings = 1;
			knownRegions = (
				English,
				Japanese,
				French,
				German,
			);
			mainGroup = 0867D691FE84028FC02AAC07 /* TapkuLibrary */;
			productRefGroup = 034768DFFF38A50411DB9C8B /* Products */;
			projectDirPath = "";
			projectRoot = "";
			targets = (
				D2AAC07D0554694100DB518D /* TapkuLibrary */,
				3B45DDF0134C736600D24C1A /* LogicTests */,
			);
		};
/* End PBXProject section */

/* Begin PBXResourcesBuildPhase section */
		3B45DDEC134C736600D24C1A /* Resources */ = {
			isa = PBXResourcesBuildPhase;
			buildActionMask = 2147483647;
			files = (
			);
			runOnlyForDeploymentPostprocessing = 0;
		};
/* End PBXResourcesBuildPhase section */

/* Begin PBXShellScriptBuildPhase section */
		3B45DDEF134C736600D24C1A /* ShellScript */ = {
			isa = PBXShellScriptBuildPhase;
			buildActionMask = 2147483647;
			files = (
			);
			inputPaths = (
			);
			outputPaths = (
			);
			runOnlyForDeploymentPostprocessing = 0;
			shellPath = /bin/sh;
			shellScript = "# Run the unit tests in this test bundle.\n\"${SYSTEM_DEVELOPER_DIR}/Tools/RunUnitTests\"\n";
		};
/* End PBXShellScriptBuildPhase section */

/* Begin PBXSourcesBuildPhase section */
		3B45DDED134C736600D24C1A /* Sources */ = {
			isa = PBXSourcesBuildPhase;
			buildActionMask = 2147483647;
			files = (
				3B859F03134C76C700661088 /* NSDate+TKCategory.m in Sources */,
				3B89162B134D93D000BD2B31 /* FoundationTests.m in Sources */,
			);
			runOnlyForDeploymentPostprocessing = 0;
		};
		D2AAC07B0554694100DB518D /* Sources */ = {
			isa = PBXSourcesBuildPhase;
			buildActionMask = 2147483647;
			files = (
				3B6EDDD611547BF800E454DA /* TKGlobal.m in Sources */,
				3B6EDDDA11547C1100E454DA /* UIView+TKCategory.m in Sources */,
				3B6EDDDD11547C1300E454DA /* UIImage+TKCategory.m in Sources */,
				3B6EDDE411547C1D00E454DA /* NSDate+TKCategory.m in Sources */,
				3B9724BE11C54C5C0027A97F /* TKCalendarMonthView.m in Sources */,
			);
			runOnlyForDeploymentPostprocessing = 0;
		};
/* End PBXSourcesBuildPhase section */

/* Begin XCBuildConfiguration section */
		1DEB921F08733DC00010E9CD /* Debug */ = {
			isa = XCBuildConfiguration;
			buildSettings = {
				ALWAYS_SEARCH_USER_PATHS = NO;
				ARCHS = "$(ARCHS_STANDARD_32_BIT)";
				CLANG_ENABLE_OBJC_ARC = YES;
				COPY_PHASE_STRIP = NO;
				DOXYGEN_PATH = /Applications/Doxygen.app/Contents/Resources/doxygen;
				DSTROOT = /tmp/TapkuLibrary.dst;
				GCC_DYNAMIC_NO_PIC = NO;
				GCC_MODEL_TUNING = G5;
				GCC_OPTIMIZATION_LEVEL = 0;
				GCC_PRECOMPILE_PREFIX_HEADER = YES;
				GCC_PREFIX_HEADER = TapkuLibrary_Prefix.pch;
				GCC_VERSION = com.apple.compilers.llvm.clang.1_0;
				INSTALL_PATH = /usr/local/lib;
				IPHONEOS_DEPLOYMENT_TARGET = 5.0;
				PRODUCT_NAME = TapkuLibrary;
				SDKROOT = iphoneos;
				TARGETED_DEVICE_FAMILY = 2;
				ZERO_LINK = NO;
			};
			name = Debug;
		};
		1DEB922008733DC00010E9CD /* Release */ = {
			isa = XCBuildConfiguration;
			buildSettings = {
				ALWAYS_SEARCH_USER_PATHS = NO;
				ARCHS = "$(ARCHS_STANDARD_32_BIT)";
				CLANG_ENABLE_OBJC_ARC = YES;
				DOXYGEN_PATH = /Applications/Doxygen.app/Contents/Resources/doxygen;
				DSTROOT = /tmp/TapkuLibrary.dst;
				GCC_MODEL_TUNING = G5;
				GCC_PRECOMPILE_PREFIX_HEADER = YES;
				GCC_PREFIX_HEADER = TapkuLibrary_Prefix.pch;
				GCC_VERSION = com.apple.compilers.llvm.clang.1_0;
				INSTALL_PATH = /usr/local/lib;
				IPHONEOS_DEPLOYMENT_TARGET = 5.0;
				PRODUCT_NAME = TapkuLibrary;
				SDKROOT = iphoneos;
				TARGETED_DEVICE_FAMILY = 2;
				ZERO_LINK = NO;
			};
			name = Release;
		};
		1DEB922308733DC00010E9CD /* Debug */ = {
			isa = XCBuildConfiguration;
			buildSettings = {
				ARCHS = "$(ARCHS_STANDARD_32_BIT)";
				FRAMEWORK_SEARCH_PATHS = "";
				GCC_C_LANGUAGE_STANDARD = c99;
				GCC_OPTIMIZATION_LEVEL = 0;
				GCC_VERSION = com.apple.compilers.llvm.clang.1_0;
				GCC_WARN_ABOUT_MISSING_PROTOTYPES = YES;
				GCC_WARN_ABOUT_RETURN_TYPE = YES;
				GCC_WARN_UNUSED_VARIABLE = YES;
				IPHONEOS_DEPLOYMENT_TARGET = 5.0;
				ONLY_ACTIVE_ARCH = NO;
				OTHER_LDFLAGS = (
					"-all_load",
					"-ObjC",
				);
				SDKROOT = iphoneos;
				SKIP_INSTALL = YES;
				TARGETED_DEVICE_FAMILY = 2;
				WARNING_CFLAGS = "-Wno-arc-performSelector-leaks";
			};
			name = Debug;
		};
		1DEB922408733DC00010E9CD /* Release */ = {
			isa = XCBuildConfiguration;
			buildSettings = {
				ARCHS = "$(ARCHS_STANDARD_32_BIT)";
				FRAMEWORK_SEARCH_PATHS = "";
				GCC_C_LANGUAGE_STANDARD = c99;
				GCC_VERSION = com.apple.compilers.llvm.clang.1_0;
				GCC_WARN_ABOUT_MISSING_PROTOTYPES = YES;
				GCC_WARN_ABOUT_RETURN_TYPE = YES;
				GCC_WARN_UNUSED_VARIABLE = YES;
				IPHONEOS_DEPLOYMENT_TARGET = 5.0;
				ONLY_ACTIVE_ARCH = NO;
				OTHER_LDFLAGS = (
					"-all_load",
					"-ObjC",
				);
				SDKROOT = iphoneos;
				SKIP_INSTALL = YES;
				TARGETED_DEVICE_FAMILY = 2;
				WARNING_CFLAGS = "-Wno-arc-performSelector-leaks";
			};
			name = Release;
		};
		3B45DDF3134C736600D24C1A /* Debug */ = {
			isa = XCBuildConfiguration;
			buildSettings = {
				ALWAYS_SEARCH_USER_PATHS = NO;
				CLANG_ENABLE_OBJC_ARC = YES;
				"CODE_SIGN_IDENTITY[sdk=iphoneos*]" = "";
				COPY_PHASE_STRIP = NO;
				FRAMEWORK_SEARCH_PATHS = (
					"\"$(SDKROOT)/Developer/Library/Frameworks\"",
					"\"$(DEVELOPER_LIBRARY_DIR)/Frameworks\"",
				);
				GCC_DYNAMIC_NO_PIC = NO;
				GCC_ENABLE_OBJC_EXCEPTIONS = YES;
				GCC_OPTIMIZATION_LEVEL = 0;
				GCC_VERSION = com.apple.compilers.llvm.clang.1_0;
				INFOPLIST_FILE = "LogicTests-Info.plist";
				OTHER_LDFLAGS = (
					"-framework",
					Foundation,
					"-framework",
					SenTestingKit,
					"-framework",
					UIKit,
				);
				PRODUCT_NAME = LogicTests;
				SDKROOT = iphoneos;
				WRAPPER_EXTENSION = octest;
			};
			name = Debug;
		};
		3B45DDF4134C736600D24C1A /* Release */ = {
			isa = XCBuildConfiguration;
			buildSettings = {
				ALWAYS_SEARCH_USER_PATHS = NO;
				CLANG_ENABLE_OBJC_ARC = YES;
				"CODE_SIGN_IDENTITY[sdk=iphoneos*]" = "";
				COPY_PHASE_STRIP = YES;
				DEBUG_INFORMATION_FORMAT = "dwarf-with-dsym";
				FRAMEWORK_SEARCH_PATHS = (
					"\"$(SDKROOT)/Developer/Library/Frameworks\"",
					"\"$(DEVELOPER_LIBRARY_DIR)/Frameworks\"",
				);
				GCC_ENABLE_OBJC_EXCEPTIONS = YES;
				GCC_VERSION = com.apple.compilers.llvm.clang.1_0;
				INFOPLIST_FILE = "LogicTests-Info.plist";
				OTHER_LDFLAGS = (
					"-framework",
					Foundation,
					"-framework",
					SenTestingKit,
					"-framework",
					UIKit,
				);
				PRODUCT_NAME = LogicTests;
				SDKROOT = iphoneos;
				WRAPPER_EXTENSION = octest;
				ZERO_LINK = NO;
			};
			name = Release;
		};
/* End XCBuildConfiguration section */

/* Begin XCConfigurationList section */
		1DEB921E08733DC00010E9CD /* Build configuration list for PBXNativeTarget "TapkuLibrary" */ = {
			isa = XCConfigurationList;
			buildConfigurations = (
				1DEB921F08733DC00010E9CD /* Debug */,
				1DEB922008733DC00010E9CD /* Release */,
			);
			defaultConfigurationIsVisible = 0;
			defaultConfigurationName = Release;
		};
		1DEB922208733DC00010E9CD /* Build configuration list for PBXProject "TapkuLibrary" */ = {
			isa = XCConfigurationList;
			buildConfigurations = (
				1DEB922308733DC00010E9CD /* Debug */,
				1DEB922408733DC00010E9CD /* Release */,
			);
			defaultConfigurationIsVisible = 0;
			defaultConfigurationName = Release;
		};
		3B45DDF5134C736600D24C1A /* Build configuration list for PBXNativeTarget "LogicTests" */ = {
			isa = XCConfigurationList;
			buildConfigurations = (
				3B45DDF3134C736600D24C1A /* Debug */,
				3B45DDF4134C736600D24C1A /* Release */,
			);
			defaultConfigurationIsVisible = 0;
			defaultConfigurationName = Release;
		};
/* End XCConfigurationList section */
	};
	rootObject = 0867D690FE84028FC02AAC07 /* Project object */;
}
